
Microsoft Visual Studio Solution File, Format Version 12.00
# Visual Studio Version 17
VisualStudioVersion = 17.11.35327.3
MinimumVisualStudioVersion = 10.0.40219.1
Project("{FAE04EC0-301F-11D3-BF4B-00C04F79EFBC}") = "GorselProgOdev", "GorselProgOdev\GorselProgOdev.csproj", "{5D9A7D06-44D8-4479-9BB7-32AB10780DE5}"
EndProject
Global
	GlobalSection(SolutionConfigurationPlatforms) = preSolution
		Debug|Any CPU = Debug|Any CPU
		Release|Any CPU = Release|Any CPU
	EndGlobalSection
	GlobalSection(ProjectConfigurationPlatforms) = postSolution
		{5D9A7D06-44D8-4479-9BB7-32AB10780DE5}.Debug|Any CPU.ActiveCfg = Debug|Any CPU
		{5D9A7D06-44D8-4479-9BB7-32AB10780DE5}.Debug|Any CPU.Build.0 = Debug|Any CPU
		{5D9A7D06-44D8-4479-9BB7-32AB10780DE5}.Debug|Any CPU.Deploy.0 = Debug|Any CPU
		{5D9A7D06-44D8-4479-9BB7-32AB10780DE5}.Release|Any CPU.ActiveCfg = Release|Any CPU
		{5D9A7D06-44D8-4479-9BB7-32AB10780DE5}.Release|Any CPU.Build.0 = Release|Any CPU
		{5D9A7D06-44D8-4479-9BB7-32AB10780DE5}.Release|Any CPU.Deploy.0 = Release|Any CPU
	EndGlobalSection
	GlobalSection(SolutionProperties) = preSolution
		HideSolutionNode = FALSE
	EndGlobalSection
	GlobalSection(ExtensibilityGlobals) = postSolution
		SolutionGuid = {37C1A3ED-4319-4CFF-B96C-E6F873E0E74E}
	EndGlobalSection
EndGlobal
